
Microsoft Visual Studio Solution File, Format Version 12.00
# Visual Studio Version 17
VisualStudioVersion = 17.8.34408.163
MinimumVisualStudioVersion = 10.0.40219.1
Project("{FAE04EC0-301F-11D3-BF4B-00C04F79EFBC}") = "GUI", "GUI\GUI.csproj", "{DA2AD3AE-C3D1-4513-A120-919F25DD8D02}"
EndProject
Global
	GlobalSection(SolutionConfigurationPlatforms) = preSolution
		Debug|Any CPU = Debug|Any CPU
		Release|Any CPU = Release|Any CPU
	EndGlobalSection
	GlobalSection(ProjectConfigurationPlatforms) = postSolution
		{DA2AD3AE-C3D1-4513-A120-919F25DD8D02}.Debug|Any CPU.ActiveCfg = Debug|Any CPU
		{DA2AD3AE-C3D1-4513-A120-919F25DD8D02}.Debug|Any CPU.Build.0 = Debug|Any CPU
		{DA2AD3AE-C3D1-4513-A120-919F25DD8D02}.Release|Any CPU.ActiveCfg = Release|Any CPU
		{DA2AD3AE-C3D1-4513-A120-919F25DD8D02}.Release|Any CPU.Build.0 = Release|Any CPU
	EndGlobalSection
	GlobalSection(SolutionProperties) = preSolution
		HideSolutionNode = FALSE
	EndGlobalSection
	GlobalSection(ExtensibilityGlobals) = postSolution
		SolutionGuid = {D27A3B6D-6CBE-4812-8634-ABEC79BBE164}
	EndGlobalSection
EndGlobal
